
Microsoft Visual Studio Solution File, Format Version 12.00
# Visual Studio 15
VisualStudioVersion = 15.0.26228.9
MinimumVisualStudioVersion = 10.0.40219.1
Project("{FAE04EC0-301F-11D3-BF4B-00C04F79EFBC}") = "Z_5.9", "HomeWork\Z_5.9.csproj", "{33844C08-56DA-4565-A37D-9DA33B0AA3D5}"
EndProject
Project("{FAE04EC0-301F-11D3-BF4B-00C04F79EFBC}") = "Z_5.38", "HomeWork1\Z_5.38.csproj", "{6D88A4CA-90E5-4C0A-AFA4-FFB90A6EEA34}"
EndProject
Project("{FAE04EC0-301F-11D3-BF4B-00C04F79EFBC}") = "Z_5.61", "ConsoleApp2\Z_5.61.csproj", "{1495FADC-8170-4E27-A8B2-26B93FD6EDB8}"
EndProject
Project("{FAE04EC0-301F-11D3-BF4B-00C04F79EFBC}") = "Z_5.67", "ConsoleApp3\Z_5.67.csproj", "{B1A87DDC-3CAE-4FD0-9DA5-F2116F264202}"
EndProject
Project("{FAE04EC0-301F-11D3-BF4B-00C04F79EFBC}") = "Z_5.94", "ConsoleApp4\Z_5.94.csproj", "{BB1FA2E6-75FA-42C4-B00A-9E950CC0D85C}"
EndProject
Project("{FAE04EC0-301F-11D3-BF4B-00C04F79EFBC}") = "Z_6.9", "ConsoleApp5\Z_6.9.csproj", "{DCC89768-3D8D-4196-9071-16399F63F625}"
EndProject
Project("{FAE04EC0-301F-11D3-BF4B-00C04F79EFBC}") = "Z_6.30", "ConsoleApp6\Z_6.30.csproj", "{58FB6798-9F04-40C1-9804-C86BEAC48860}"
EndProject
Project("{FAE04EC0-301F-11D3-BF4B-00C04F79EFBC}") = "Z_6.34", "ConsoleApp7\Z_6.34.csproj", "{01521A81-B6D4-4FA5-9E9B-48DFC0BF0EE5}"
EndProject
Project("{FAE04EC0-301F-11D3-BF4B-00C04F79EFBC}") = "Z_6.52", "ConsoleApp8\Z_6.52.csproj", "{243EEF7F-6F80-42F9-B631-B8A1C9DBD9DE}"
EndProject
Project("{FAE04EC0-301F-11D3-BF4B-00C04F79EFBC}") = "Z_6.99", "ConsoleApp9\Z_6.99.csproj", "{091B5A1F-7326-42EB-AC17-46F884BB6D73}"
EndProject
Project("{FAE04EC0-301F-11D3-BF4B-00C04F79EFBC}") = "Z_6.108", "ConsoleApp10\Z_6.108.csproj", "{A3FAC01D-F6CF-493C-AB89-4C13CB965E1C}"
EndProject
Project("{FAE04EC0-301F-11D3-BF4B-00C04F79EFBC}") = "Z_7.1", "ConsoleApp11\Z_7.1.csproj", "{F24EC539-FAB7-4E48-B0DF-71EF31A3B930}"
EndProject
Project("{FAE04EC0-301F-11D3-BF4B-00C04F79EFBC}") = "Z_7.128", "ConsoleApp12\Z_7.128.csproj", "{99E37377-D7A4-4505-9D2B-4AABBC6845E7}"
EndProject
Project("{FAE04EC0-301F-11D3-BF4B-00C04F79EFBC}") = "Z_7.120", "ConsoleApp13\Z_7.120.csproj", "{23F3BA0A-123E-43DE-946E-1C347B1F0983}"
EndProject
Project("{FAE04EC0-301F-11D3-BF4B-00C04F79EFBC}") = "Z_7.64", "ConsoleApp14\Z_7.64.csproj", "{4BAE6986-237A-4809-8622-786337DBF8EC}"
EndProject
Project("{FAE04EC0-301F-11D3-BF4B-00C04F79EFBC}") = "Z_5.71", "ConsoleApp15\Z_5.71.csproj", "{BDBC4201-94D8-44F3-B16F-8F96C599B773}"
EndProject
Project("{FAE04EC0-301F-11D3-BF4B-00C04F79EFBC}") = "Z_6.51", "ConsoleApp16\Z_6.51.csproj", "{CC90A09A-2E73-42D5-8801-441D27B8276E}"
EndProject
Project("{FAE04EC0-301F-11D3-BF4B-00C04F79EFBC}") = "Z_6.114", "ConsoleApp17\Z_6.114.csproj", "{7722F200-A0C0-49F9-B622-CA0DA2CC8DE2}"
EndProject
Project("{FAE04EC0-301F-11D3-BF4B-00C04F79EFBC}") = "Z_5.77", "ConsoleApp18\Z_5.77.csproj", "{ADCBE72D-28A9-4F38-8904-2786DC239C98}"
EndProject
Project("{FAE04EC0-301F-11D3-BF4B-00C04F79EFBC}") = "Z_5.82", "ConsoleApp19\Z_5.82.csproj", "{E7CB869B-16D8-4A95-8DBD-E335F8166D1C}"
EndProject
Global
	GlobalSection(SolutionConfigurationPlatforms) = preSolution
		Debug|Any CPU = Debug|Any CPU
		Release|Any CPU = Release|Any CPU
	EndGlobalSection
	GlobalSection(ProjectConfigurationPlatforms) = postSolution
		{33844C08-56DA-4565-A37D-9DA33B0AA3D5}.Debug|Any CPU.ActiveCfg = Debug|Any CPU
		{33844C08-56DA-4565-A37D-9DA33B0AA3D5}.Debug|Any CPU.Build.0 = Debug|Any CPU
		{33844C08-56DA-4565-A37D-9DA33B0AA3D5}.Release|Any CPU.ActiveCfg = Release|Any CPU
		{33844C08-56DA-4565-A37D-9DA33B0AA3D5}.Release|Any CPU.Build.0 = Release|Any CPU
		{6D88A4CA-90E5-4C0A-AFA4-FFB90A6EEA34}.Debug|Any CPU.ActiveCfg = Debug|Any CPU
		{6D88A4CA-90E5-4C0A-AFA4-FFB90A6EEA34}.Debug|Any CPU.Build.0 = Debug|Any CPU
		{6D88A4CA-90E5-4C0A-AFA4-FFB90A6EEA34}.Release|Any CPU.ActiveCfg = Release|Any CPU
		{6D88A4CA-90E5-4C0A-AFA4-FFB90A6EEA34}.Release|Any CPU.Build.0 = Release|Any CPU
		{1495FADC-8170-4E27-A8B2-26B93FD6EDB8}.Debug|Any CPU.ActiveCfg = Debug|Any CPU
		{1495FADC-8170-4E27-A8B2-26B93FD6EDB8}.Debug|Any CPU.Build.0 = Debug|Any CPU
		{1495FADC-8170-4E27-A8B2-26B93FD6EDB8}.Release|Any CPU.ActiveCfg = Release|Any CPU
		{1495FADC-8170-4E27-A8B2-26B93FD6EDB8}.Release|Any CPU.Build.0 = Release|Any CPU
		{B1A87DDC-3CAE-4FD0-9DA5-F2116F264202}.Debug|Any CPU.ActiveCfg = Debug|Any CPU
		{B1A87DDC-3CAE-4FD0-9DA5-F2116F264202}.Debug|Any CPU.Build.0 = Debug|Any CPU
		{B1A87DDC-3CAE-4FD0-9DA5-F2116F264202}.Release|Any CPU.ActiveCfg = Release|Any CPU
		{B1A87DDC-3CAE-4FD0-9DA5-F2116F264202}.Release|Any CPU.Build.0 = Release|Any CPU
		{BB1FA2E6-75FA-42C4-B00A-9E950CC0D85C}.Debug|Any CPU.ActiveCfg = Debug|Any CPU
		{BB1FA2E6-75FA-42C4-B00A-9E950CC0D85C}.Debug|Any CPU.Build.0 = Debug|Any CPU
		{BB1FA2E6-75FA-42C4-B00A-9E950CC0D85C}.Release|Any CPU.ActiveCfg = Release|Any CPU
		{BB1FA2E6-75FA-42C4-B00A-9E950CC0D85C}.Release|Any CPU.Build.0 = Release|Any CPU
		{DCC89768-3D8D-4196-9071-16399F63F625}.Debug|Any CPU.ActiveCfg = Debug|Any CPU
		{DCC89768-3D8D-4196-9071-16399F63F625}.Debug|Any CPU.Build.0 = Debug|Any CPU
		{DCC89768-3D8D-4196-9071-16399F63F625}.Release|Any CPU.ActiveCfg = Release|Any CPU
		{DCC89768-3D8D-4196-9071-16399F63F625}.Release|Any CPU.Build.0 = Release|Any CPU
		{58FB6798-9F04-40C1-9804-C86BEAC48860}.Debug|Any CPU.ActiveCfg = Debug|Any CPU
		{58FB6798-9F04-40C1-9804-C86BEAC48860}.Debug|Any CPU.Build.0 = Debug|Any CPU
		{58FB6798-9F04-40C1-9804-C86BEAC48860}.Release|Any CPU.ActiveCfg = Release|Any CPU
		{58FB6798-9F04-40C1-9804-C86BEAC48860}.Release|Any CPU.Build.0 = Release|Any CPU
		{01521A81-B6D4-4FA5-9E9B-48DFC0BF0EE5}.Debug|Any CPU.ActiveCfg = Debug|Any CPU
		{01521A81-B6D4-4FA5-9E9B-48DFC0BF0EE5}.Debug|Any CPU.Build.0 = Debug|Any CPU
		{01521A81-B6D4-4FA5-9E9B-48DFC0BF0EE5}.Release|Any CPU.ActiveCfg = Release|Any CPU
		{01521A81-B6D4-4FA5-9E9B-48DFC0BF0EE5}.Release|Any CPU.Build.0 = Release|Any CPU
		{243EEF7F-6F80-42F9-B631-B8A1C9DBD9DE}.Debug|Any CPU.ActiveCfg = Debug|Any CPU
		{243EEF7F-6F80-42F9-B631-B8A1C9DBD9DE}.Debug|Any CPU.Build.0 = Debug|Any CPU
		{243EEF7F-6F80-42F9-B631-B8A1C9DBD9DE}.Release|Any CPU.ActiveCfg = Release|Any CPU
		{243EEF7F-6F80-42F9-B631-B8A1C9DBD9DE}.Release|Any CPU.Build.0 = Release|Any CPU
		{091B5A1F-7326-42EB-AC17-46F884BB6D73}.Debug|Any CPU.ActiveCfg = Debug|Any CPU
		{091B5A1F-7326-42EB-AC17-46F884BB6D73}.Debug|Any CPU.Build.0 = Debug|Any CPU
		{091B5A1F-7326-42EB-AC17-46F884BB6D73}.Release|Any CPU.ActiveCfg = Release|Any CPU
		{091B5A1F-7326-42EB-AC17-46F884BB6D73}.Release|Any CPU.Build.0 = Release|Any CPU
		{A3FAC01D-F6CF-493C-AB89-4C13CB965E1C}.Debug|Any CPU.ActiveCfg = Debug|Any CPU
		{A3FAC01D-F6CF-493C-AB89-4C13CB965E1C}.Debug|Any CPU.Build.0 = Debug|Any CPU
		{A3FAC01D-F6CF-493C-AB89-4C13CB965E1C}.Release|Any CPU.ActiveCfg = Release|Any CPU
		{A3FAC01D-F6CF-493C-AB89-4C13CB965E1C}.Release|Any CPU.Build.0 = Release|Any CPU
		{F24EC539-FAB7-4E48-B0DF-71EF31A3B930}.Debug|Any CPU.ActiveCfg = Debug|Any CPU
		{F24EC539-FAB7-4E48-B0DF-71EF31A3B930}.Debug|Any CPU.Build.0 = Debug|Any CPU
		{F24EC539-FAB7-4E48-B0DF-71EF31A3B930}.Release|Any CPU.ActiveCfg = Release|Any CPU
		{F24EC539-FAB7-4E48-B0DF-71EF31A3B930}.Release|Any CPU.Build.0 = Release|Any CPU
		{99E37377-D7A4-4505-9D2B-4AABBC6845E7}.Debug|Any CPU.ActiveCfg = Debug|Any CPU
		{99E37377-D7A4-4505-9D2B-4AABBC6845E7}.Debug|Any CPU.Build.0 = Debug|Any CPU
		{99E37377-D7A4-4505-9D2B-4AABBC6845E7}.Release|Any CPU.ActiveCfg = Release|Any CPU
		{99E37377-D7A4-4505-9D2B-4AABBC6845E7}.Release|Any CPU.Build.0 = Release|Any CPU
		{23F3BA0A-123E-43DE-946E-1C347B1F0983}.Debug|Any CPU.ActiveCfg = Debug|Any CPU
		{23F3BA0A-123E-43DE-946E-1C347B1F0983}.Debug|Any CPU.Build.0 = Debug|Any CPU
		{23F3BA0A-123E-43DE-946E-1C347B1F0983}.Release|Any CPU.ActiveCfg = Release|Any CPU
		{23F3BA0A-123E-43DE-946E-1C347B1F0983}.Release|Any CPU.Build.0 = Release|Any CPU
		{4BAE6986-237A-4809-8622-786337DBF8EC}.Debug|Any CPU.ActiveCfg = Debug|Any CPU
		{4BAE6986-237A-4809-8622-786337DBF8EC}.Debug|Any CPU.Build.0 = Debug|Any CPU
		{4BAE6986-237A-4809-8622-786337DBF8EC}.Release|Any CPU.ActiveCfg = Release|Any CPU
		{4BAE6986-237A-4809-8622-786337DBF8EC}.Release|Any CPU.Build.0 = Release|Any CPU
		{BDBC4201-94D8-44F3-B16F-8F96C599B773}.Debug|Any CPU.ActiveCfg = Debug|Any CPU
		{BDBC4201-94D8-44F3-B16F-8F96C599B773}.Debug|Any CPU.Build.0 = Debug|Any CPU
		{BDBC4201-94D8-44F3-B16F-8F96C599B773}.Release|Any CPU.ActiveCfg = Release|Any CPU
		{BDBC4201-94D8-44F3-B16F-8F96C599B773}.Release|Any CPU.Build.0 = Release|Any CPU
		{CC90A09A-2E73-42D5-8801-441D27B8276E}.Debug|Any CPU.ActiveCfg = Debug|Any CPU
		{CC90A09A-2E73-42D5-8801-441D27B8276E}.Debug|Any CPU.Build.0 = Debug|Any CPU
		{CC90A09A-2E73-42D5-8801-441D27B8276E}.Release|Any CPU.ActiveCfg = Release|Any CPU
		{CC90A09A-2E73-42D5-8801-441D27B8276E}.Release|Any CPU.Build.0 = Release|Any CPU
		{7722F200-A0C0-49F9-B622-CA0DA2CC8DE2}.Debug|Any CPU.ActiveCfg = Debug|Any CPU
		{7722F200-A0C0-49F9-B622-CA0DA2CC8DE2}.Debug|Any CPU.Build.0 = Debug|Any CPU
		{7722F200-A0C0-49F9-B622-CA0DA2CC8DE2}.Release|Any CPU.ActiveCfg = Release|Any CPU
		{7722F200-A0C0-49F9-B622-CA0DA2CC8DE2}.Release|Any CPU.Build.0 = Release|Any CPU
		{ADCBE72D-28A9-4F38-8904-2786DC239C98}.Debug|Any CPU.ActiveCfg = Debug|Any CPU
		{ADCBE72D-28A9-4F38-8904-2786DC239C98}.Debug|Any CPU.Build.0 = Debug|Any CPU
		{ADCBE72D-28A9-4F38-8904-2786DC239C98}.Release|Any CPU.ActiveCfg = Release|Any CPU
		{ADCBE72D-28A9-4F38-8904-2786DC239C98}.Release|Any CPU.Build.0 = Release|Any CPU
		{E7CB869B-16D8-4A95-8DBD-E335F8166D1C}.Debug|Any CPU.ActiveCfg = Debug|Any CPU
		{E7CB869B-16D8-4A95-8DBD-E335F8166D1C}.Debug|Any CPU.Build.0 = Debug|Any CPU
		{E7CB869B-16D8-4A95-8DBD-E335F8166D1C}.Release|Any CPU.ActiveCfg = Release|Any CPU
		{E7CB869B-16D8-4A95-8DBD-E335F8166D1C}.Release|Any CPU.Build.0 = Release|Any CPU
	EndGlobalSection
	GlobalSection(SolutionProperties) = preSolution
		HideSolutionNode = FALSE
	EndGlobalSection
EndGlobal
